
Microsoft Visual Studio Solution File, Format Version 12.00
# Visual Studio 15
VisualStudioVersion = 15.0.27130.2036
MinimumVisualStudioVersion = 10.0.40219.1
Project("{FAE04EC0-301F-11D3-BF4B-00C04F79EFBC}") = "ExcelMerge", "ExcelMerge\ExcelMerge.csproj", "{A512043D-786D-4F66-A062-D014F5C67963}"
EndProject
Global
	GlobalSection(SolutionConfigurationPlatforms) = preSolution
		Debug|Any CPU = Debug|Any CPU
		Release|Any CPU = Release|Any CPU
	EndGlobalSection
	GlobalSection(ProjectConfigurationPlatforms) = postSolution
		{A512043D-786D-4F66-A062-D014F5C67963}.Debug|Any CPU.ActiveCfg = Debug|Any CPU
		{A512043D-786D-4F66-A062-D014F5C67963}.Debug|Any CPU.Build.0 = Debug|Any CPU
		{A512043D-786D-4F66-A062-D014F5C67963}.Release|Any CPU.ActiveCfg = Release|Any CPU
		{A512043D-786D-4F66-A062-D014F5C67963}.Release|Any CPU.Build.0 = Release|Any CPU
	EndGlobalSection
	GlobalSection(SolutionProperties) = preSolution
		HideSolutionNode = FALSE
	EndGlobalSection
	GlobalSection(ExtensibilityGlobals) = postSolution
		SolutionGuid = {A2A0E9E4-0246-4C0C-9CF2-06DB0FB60C96}
	EndGlobalSection
EndGlobal
